
Microsoft Visual Studio Solution File, Format Version 12.00
# Visual Studio Version 17
VisualStudioVersion = 17.5.2.0
MinimumVisualStudioVersion = 10.0.40219.1
Project("{FAE04EC0-301F-11D3-BF4B-00C04F79EFBC}") = "PhotoScavengerHunt", "PhotoScavengerHunt.csproj", "{A71ADDFF-553E-178C-98D9-13850C9B6AB9}"
EndProject
Project("{FAE04EC0-301F-11D3-BF4B-00C04F79EFBC}") = "PhotoScavengerHunt.Tests", "PhotoScavengerHunt.Tests\PhotoScavengerHunt.Tests.csproj", "{80D89E80-F530-4A41-9847-A94406F36662}"
EndProject
Global
	GlobalSection(SolutionConfigurationPlatforms) = preSolution
		Debug|Any CPU = Debug|Any CPU
		Debug|x64 = Debug|x64
		Debug|x86 = Debug|x86
		Release|Any CPU = Release|Any CPU
		Release|x64 = Release|x64
		Release|x86 = Release|x86
	EndGlobalSection
	GlobalSection(ProjectConfigurationPlatforms) = postSolution
		{A71ADDFF-553E-178C-98D9-13850C9B6AB9}.Debug|Any CPU.ActiveCfg = Debug|Any CPU
		{A71ADDFF-553E-178C-98D9-13850C9B6AB9}.Debug|Any CPU.Build.0 = Debug|Any CPU
		{A71ADDFF-553E-178C-98D9-13850C9B6AB9}.Debug|x64.ActiveCfg = Debug|Any CPU
		{A71ADDFF-553E-178C-98D9-13850C9B6AB9}.Debug|x64.Build.0 = Debug|Any CPU
		{A71ADDFF-553E-178C-98D9-13850C9B6AB9}.Debug|x86.ActiveCfg = Debug|Any CPU
		{A71ADDFF-553E-178C-98D9-13850C9B6AB9}.Debug|x86.Build.0 = Debug|Any CPU
		{A71ADDFF-553E-178C-98D9-13850C9B6AB9}.Release|Any CPU.ActiveCfg = Release|Any CPU
		{A71ADDFF-553E-178C-98D9-13850C9B6AB9}.Release|Any CPU.Build.0 = Release|Any CPU
		{A71ADDFF-553E-178C-98D9-13850C9B6AB9}.Release|x64.ActiveCfg = Release|Any CPU
		{A71ADDFF-553E-178C-98D9-13850C9B6AB9}.Release|x64.Build.0 = Release|Any CPU
		{A71ADDFF-553E-178C-98D9-13850C9B6AB9}.Release|x86.ActiveCfg = Release|Any CPU
		{A71ADDFF-553E-178C-98D9-13850C9B6AB9}.Release|x86.Build.0 = Release|Any CPU
		{80D89E80-F530-4A41-9847-A94406F36662}.Debug|Any CPU.ActiveCfg = Debug|Any CPU
		{80D89E80-F530-4A41-9847-A94406F36662}.Debug|Any CPU.Build.0 = Debug|Any CPU
		{80D89E80-F530-4A41-9847-A94406F36662}.Debug|x64.ActiveCfg = Debug|Any CPU
		{80D89E80-F530-4A41-9847-A94406F36662}.Debug|x64.Build.0 = Debug|Any CPU
		{80D89E80-F530-4A41-9847-A94406F36662}.Debug|x86.ActiveCfg = Debug|Any CPU
		{80D89E80-F530-4A41-9847-A94406F36662}.Debug|x86.Build.0 = Debug|Any CPU
		{80D89E80-F530-4A41-9847-A94406F36662}.Release|Any CPU.ActiveCfg = Release|Any CPU
		{80D89E80-F530-4A41-9847-A94406F36662}.Release|Any CPU.Build.0 = Release|Any CPU
		{80D89E80-F530-4A41-9847-A94406F36662}.Release|x64.ActiveCfg = Release|Any CPU
		{80D89E80-F530-4A41-9847-A94406F36662}.Release|x64.Build.0 = Release|Any CPU
		{80D89E80-F530-4A41-9847-A94406F36662}.Release|x86.ActiveCfg = Release|Any CPU
		{80D89E80-F530-4A41-9847-A94406F36662}.Release|x86.Build.0 = Release|Any CPU
	EndGlobalSection
	GlobalSection(SolutionProperties) = preSolution
		HideSolutionNode = FALSE
	EndGlobalSection
	GlobalSection(ExtensibilityGlobals) = postSolution
		SolutionGuid = {87CDD05F-EC20-4D8C-BA0D-C0BECA5D560A}
	EndGlobalSection
EndGlobal
